
Microsoft Visual Studio Solution File, Format Version 12.00
# Visual Studio Version 16
VisualStudioVersion = 16.0.30907.101
MinimumVisualStudioVersion = 10.0.40219.1
Project("{9A19103F-16F7-4668-BE54-9A1E7A4F7556}") = "AdunTech.Redis", "AdunTech.Redis\AdunTech.Redis.csproj", "{F3C8C509-3692-4328-AB83-2CD2F494A66B}"
EndProject
Project("{FAE04EC0-301F-11D3-BF4B-00C04F79EFBC}") = "AdunTech.Redis.Demo", "AdunTech.Redis.Demo\AdunTech.Redis.Demo.csproj", "{FFBE8FD3-8843-4471-B895-677A8F2FA165}"
EndProject
Global
	GlobalSection(SolutionConfigurationPlatforms) = preSolution
		Debug|Any CPU = Debug|Any CPU
		Release|Any CPU = Release|Any CPU
	EndGlobalSection
	GlobalSection(ProjectConfigurationPlatforms) = postSolution
		{F3C8C509-3692-4328-AB83-2CD2F494A66B}.Debug|Any CPU.ActiveCfg = Debug|Any CPU
		{F3C8C509-3692-4328-AB83-2CD2F494A66B}.Debug|Any CPU.Build.0 = Debug|Any CPU
		{F3C8C509-3692-4328-AB83-2CD2F494A66B}.Release|Any CPU.ActiveCfg = Release|Any CPU
		{F3C8C509-3692-4328-AB83-2CD2F494A66B}.Release|Any CPU.Build.0 = Release|Any CPU
		{FFBE8FD3-8843-4471-B895-677A8F2FA165}.Debug|Any CPU.ActiveCfg = Debug|Any CPU
		{FFBE8FD3-8843-4471-B895-677A8F2FA165}.Debug|Any CPU.Build.0 = Debug|Any CPU
		{FFBE8FD3-8843-4471-B895-677A8F2FA165}.Release|Any CPU.ActiveCfg = Release|Any CPU
		{FFBE8FD3-8843-4471-B895-677A8F2FA165}.Release|Any CPU.Build.0 = Release|Any CPU
	EndGlobalSection
	GlobalSection(SolutionProperties) = preSolution
		HideSolutionNode = FALSE
	EndGlobalSection
	GlobalSection(ExtensibilityGlobals) = postSolution
		VisualSVNWorkingCopyRoot = .
		SolutionGuid = {4843ED9E-C831-403A-80C9-5356FE36B623}
	EndGlobalSection
EndGlobal
