
Microsoft Visual Studio Solution File, Format Version 12.00
# Visual Studio Version 16
VisualStudioVersion = 16.0.30907.101
MinimumVisualStudioVersion = 10.0.40219.1
Project("{9A19103F-16F7-4668-BE54-9A1E7A4F7556}") = "AdunTech.Redis", "AdunTech.Redis\AdunTech.Redis.csproj", "{F3C8C509-3692-4328-AB83-2CD2F494A66B}"
EndProject
Project("{9A19103F-16F7-4668-BE54-9A1E7A4F7556}") = "AdunTech.Redis.Demo", "AdunTech.Redis.Demo\AdunTech.Redis.Demo.csproj", "{FFBE8FD3-8843-4471-B895-677A8F2FA165}"
EndProject
Project("{2150E333-8FDC-42A3-9474-1A3956D46DE8}") = "Redis", "Redis", "{B307E712-2A20-445A-8330-9EFDBE99D0CB}"
EndProject
Project("{2150E333-8FDC-42A3-9474-1A3956D46DE8}") = "Excel", "Excel", "{829F75B4-2607-44DC-B6F5-06BD4267CD6E}"
EndProject
Project("{9A19103F-16F7-4668-BE54-9A1E7A4F7556}") = "AdunTech.Excel", "AdunTech.Excel\AdunTech.Excel.csproj", "{E1AF7A6A-6867-488E-8E8D-7364137C885D}"
EndProject
Project("{9A19103F-16F7-4668-BE54-9A1E7A4F7556}") = "AdunTech.Excel.Demo", "AdunTech.Excel.Demo\AdunTech.Excel.Demo.csproj", "{CDCB26BE-E158-45FB-9423-1C2EDF196590}"
EndProject
Project("{2150E333-8FDC-42A3-9474-1A3956D46DE8}") = "Common", "Common", "{547AEDD8-89FA-4558-B47F-3AC0A2960F92}"
EndProject
Project("{9A19103F-16F7-4668-BE54-9A1E7A4F7556}") = "AdunTech.Extension", "AdunTech.Extension\AdunTech.Extension.csproj", "{9FBC2ECB-E154-4E57-887C-4792DDE2C61E}"
EndProject
Project("{9A19103F-16F7-4668-BE54-9A1E7A4F7556}") = "AdunTech.Extension.Tests", "AdunTech.Extension.Tests\AdunTech.Extension.Tests.csproj", "{55632E69-2D90-40F6-A11E-143CEC89E78E}"
EndProject
Project("{9A19103F-16F7-4668-BE54-9A1E7A4F7556}") = "AdunTech.Cryptography", "AdunTech.Cryptography\AdunTech.Cryptography.csproj", "{F23BB6A8-F496-486E-AF0A-E803EFC68687}"
EndProject
Project("{9A19103F-16F7-4668-BE54-9A1E7A4F7556}") = "AdunTech.Cryptography.Tests", "AdunTech.Cryptography.Tests\AdunTech.Cryptography.Tests.csproj", "{F5E1168F-EDD8-4EF1-979A-C9667C6D0AEF}"
EndProject
Project("{2150E333-8FDC-42A3-9474-1A3956D46DE8}") = "Tests", "Tests", "{69B8DABE-2380-46AC-A800-72D546CB994B}"
EndProject
Project("{9A19103F-16F7-4668-BE54-9A1E7A4F7556}") = "AdunTech.Co2Net", "AdunTech.Co2Net\AdunTech.Co2Net.csproj", "{74AFB092-35EF-46BD-B642-069B0FAB0000}"
EndProject
Project("{9A19103F-16F7-4668-BE54-9A1E7A4F7556}") = "AdunTech.Co2Net.Tests", "AdunTech.Co2Net.Tests\AdunTech.Co2Net.Tests.csproj", "{BFE572A1-E1D2-426D-803C-2F4F5D5D78A6}"
EndProject
Project("{2150E333-8FDC-42A3-9474-1A3956D46DE8}") = "EF", "EF", "{0BE380CC-34DB-4B8A-9F53-8027878FF8CA}"
EndProject
Project("{2150E333-8FDC-42A3-9474-1A3956D46DE8}") = "HttpException", "HttpException", "{0A5570D2-0225-4BCB-B270-A61B76AD7035}"
EndProject
Project("{9A19103F-16F7-4668-BE54-9A1E7A4F7556}") = "AdunTech.HttpException.Demo", "AdunTech.HttpException.Demo\AdunTech.HttpException.Demo.csproj", "{62BA972E-A43E-497C-806C-DB3F6C384D57}"
EndProject
Project("{9A19103F-16F7-4668-BE54-9A1E7A4F7556}") = "AdunTech.ExceptionDetail", "AdunTech.ExceptionDetail\AdunTech.ExceptionDetail.csproj", "{468F3AB6-6ADF-4C71-8A67-EC2BD4E99C1F}"
EndProject
Project("{2150E333-8FDC-42A3-9474-1A3956D46DE8}") = "AutoMapper", "AutoMapper", "{66E06CA9-DF78-4802-AE0A-5DB9E75C052F}"
EndProject
Project("{9A19103F-16F7-4668-BE54-9A1E7A4F7556}") = "AdunTech.AutoMapperExtension", "AdunTech.AutoMapperExtension\AdunTech.AutoMapperExtension.csproj", "{83CA84DD-EF7B-46A0-AEF6-369E752DBE1F}"
EndProject
Project("{9A19103F-16F7-4668-BE54-9A1E7A4F7556}") = "AdunTech.AutoMapperExtension.Tests", "AdunTech.AutoMapperExtension.Tests\AdunTech.AutoMapperExtension.Tests.csproj", "{EA096618-C07D-414D-B66C-EC9954F1D063}"
EndProject
Project("{2150E333-8FDC-42A3-9474-1A3956D46DE8}") = "SAP", "SAP", "{70127CE6-A568-4164-BDAA-4CB224C08B10}"
EndProject
Project("{9A19103F-16F7-4668-BE54-9A1E7A4F7556}") = "AdunTech.SapNwRfc", "AdunTech.SapNwRfc\AdunTech.SapNwRfc.csproj", "{F0585ACC-C066-4E16-948A-7A9D2209873B}"
EndProject
Project("{9A19103F-16F7-4668-BE54-9A1E7A4F7556}") = "AdunTech.SapNwRfc.Demo", "AdunTech.SapNwRfc.Demo\AdunTech.SapNwRfc.Demo.csproj", "{9B31B547-E112-4094-B1B0-A27A963E20B8}"
EndProject
Project("{9A19103F-16F7-4668-BE54-9A1E7A4F7556}") = "AdunTech.CommonDomain", "AdunTech.CommonDomain\AdunTech.CommonDomain.csproj", "{1EBFC01A-5589-4620-B706-9D3FC4B76F75}"
EndProject
Project("{9A19103F-16F7-4668-BE54-9A1E7A4F7556}") = "AdunTech.CommonInfra", "AdunTech.CommonInfra\AdunTech.CommonInfra.csproj", "{3DBCC8A7-78FD-4B56-AC22-5CE83A95221A}"
EndProject
Project("{2150E333-8FDC-42A3-9474-1A3956D46DE8}") = "Net2Db", "Net2Db", "{5A6AAEF2-1C9E-4D51-AD78-F0BF1635D844}"
EndProject
Project("{2150E333-8FDC-42A3-9474-1A3956D46DE8}") = "Tests", "Tests", "{76C696BD-A0CE-4DD4-888E-1423BC354740}"
EndProject
Project("{FAE04EC0-301F-11D3-BF4B-00C04F79EFBC}") = "AdunTech.SapRfc", "AdunTech.SapRfc\AdunTech.SapRfc.csproj", "{1FAE0944-D63B-4CCB-9378-05E7C2C35BBC}"
EndProject
Project("{FAE04EC0-301F-11D3-BF4B-00C04F79EFBC}") = "AdunTech.SapRfc.Test", "AdunTech.SapRfc.Test\AdunTech.SapRfc.Test.csproj", "{A57088C4-7311-44D3-AAFA-04E0C0C77A76}"
EndProject
Global
	GlobalSection(SolutionConfigurationPlatforms) = preSolution
		Debug|Any CPU = Debug|Any CPU
		Release|Any CPU = Release|Any CPU
	EndGlobalSection
	GlobalSection(ProjectConfigurationPlatforms) = postSolution
		{F3C8C509-3692-4328-AB83-2CD2F494A66B}.Debug|Any CPU.ActiveCfg = Debug|Any CPU
		{F3C8C509-3692-4328-AB83-2CD2F494A66B}.Debug|Any CPU.Build.0 = Debug|Any CPU
		{F3C8C509-3692-4328-AB83-2CD2F494A66B}.Release|Any CPU.ActiveCfg = Release|Any CPU
		{F3C8C509-3692-4328-AB83-2CD2F494A66B}.Release|Any CPU.Build.0 = Release|Any CPU
		{FFBE8FD3-8843-4471-B895-677A8F2FA165}.Debug|Any CPU.ActiveCfg = Debug|Any CPU
		{FFBE8FD3-8843-4471-B895-677A8F2FA165}.Debug|Any CPU.Build.0 = Debug|Any CPU
		{FFBE8FD3-8843-4471-B895-677A8F2FA165}.Release|Any CPU.ActiveCfg = Release|Any CPU
		{FFBE8FD3-8843-4471-B895-677A8F2FA165}.Release|Any CPU.Build.0 = Release|Any CPU
		{E1AF7A6A-6867-488E-8E8D-7364137C885D}.Debug|Any CPU.ActiveCfg = Debug|Any CPU
		{E1AF7A6A-6867-488E-8E8D-7364137C885D}.Debug|Any CPU.Build.0 = Debug|Any CPU
		{E1AF7A6A-6867-488E-8E8D-7364137C885D}.Release|Any CPU.ActiveCfg = Release|Any CPU
		{E1AF7A6A-6867-488E-8E8D-7364137C885D}.Release|Any CPU.Build.0 = Release|Any CPU
		{CDCB26BE-E158-45FB-9423-1C2EDF196590}.Debug|Any CPU.ActiveCfg = Debug|Any CPU
		{CDCB26BE-E158-45FB-9423-1C2EDF196590}.Debug|Any CPU.Build.0 = Debug|Any CPU
		{CDCB26BE-E158-45FB-9423-1C2EDF196590}.Release|Any CPU.ActiveCfg = Release|Any CPU
		{CDCB26BE-E158-45FB-9423-1C2EDF196590}.Release|Any CPU.Build.0 = Release|Any CPU
		{9FBC2ECB-E154-4E57-887C-4792DDE2C61E}.Debug|Any CPU.ActiveCfg = Debug|Any CPU
		{9FBC2ECB-E154-4E57-887C-4792DDE2C61E}.Debug|Any CPU.Build.0 = Debug|Any CPU
		{9FBC2ECB-E154-4E57-887C-4792DDE2C61E}.Release|Any CPU.ActiveCfg = Release|Any CPU
		{9FBC2ECB-E154-4E57-887C-4792DDE2C61E}.Release|Any CPU.Build.0 = Release|Any CPU
		{55632E69-2D90-40F6-A11E-143CEC89E78E}.Debug|Any CPU.ActiveCfg = Debug|Any CPU
		{55632E69-2D90-40F6-A11E-143CEC89E78E}.Debug|Any CPU.Build.0 = Debug|Any CPU
		{55632E69-2D90-40F6-A11E-143CEC89E78E}.Release|Any CPU.ActiveCfg = Release|Any CPU
		{55632E69-2D90-40F6-A11E-143CEC89E78E}.Release|Any CPU.Build.0 = Release|Any CPU
		{F23BB6A8-F496-486E-AF0A-E803EFC68687}.Debug|Any CPU.ActiveCfg = Debug|Any CPU
		{F23BB6A8-F496-486E-AF0A-E803EFC68687}.Debug|Any CPU.Build.0 = Debug|Any CPU
		{F23BB6A8-F496-486E-AF0A-E803EFC68687}.Release|Any CPU.ActiveCfg = Release|Any CPU
		{F23BB6A8-F496-486E-AF0A-E803EFC68687}.Release|Any CPU.Build.0 = Release|Any CPU
		{F5E1168F-EDD8-4EF1-979A-C9667C6D0AEF}.Debug|Any CPU.ActiveCfg = Debug|Any CPU
		{F5E1168F-EDD8-4EF1-979A-C9667C6D0AEF}.Debug|Any CPU.Build.0 = Debug|Any CPU
		{F5E1168F-EDD8-4EF1-979A-C9667C6D0AEF}.Release|Any CPU.ActiveCfg = Release|Any CPU
		{F5E1168F-EDD8-4EF1-979A-C9667C6D0AEF}.Release|Any CPU.Build.0 = Release|Any CPU
		{74AFB092-35EF-46BD-B642-069B0FAB0000}.Debug|Any CPU.ActiveCfg = Debug|Any CPU
		{74AFB092-35EF-46BD-B642-069B0FAB0000}.Debug|Any CPU.Build.0 = Debug|Any CPU
		{74AFB092-35EF-46BD-B642-069B0FAB0000}.Release|Any CPU.ActiveCfg = Release|Any CPU
		{74AFB092-35EF-46BD-B642-069B0FAB0000}.Release|Any CPU.Build.0 = Release|Any CPU
		{BFE572A1-E1D2-426D-803C-2F4F5D5D78A6}.Debug|Any CPU.ActiveCfg = Debug|Any CPU
		{BFE572A1-E1D2-426D-803C-2F4F5D5D78A6}.Debug|Any CPU.Build.0 = Debug|Any CPU
		{BFE572A1-E1D2-426D-803C-2F4F5D5D78A6}.Release|Any CPU.ActiveCfg = Release|Any CPU
		{BFE572A1-E1D2-426D-803C-2F4F5D5D78A6}.Release|Any CPU.Build.0 = Release|Any CPU
		{62BA972E-A43E-497C-806C-DB3F6C384D57}.Debug|Any CPU.ActiveCfg = Debug|Any CPU
		{62BA972E-A43E-497C-806C-DB3F6C384D57}.Debug|Any CPU.Build.0 = Debug|Any CPU
		{62BA972E-A43E-497C-806C-DB3F6C384D57}.Release|Any CPU.ActiveCfg = Release|Any CPU
		{62BA972E-A43E-497C-806C-DB3F6C384D57}.Release|Any CPU.Build.0 = Release|Any CPU
		{468F3AB6-6ADF-4C71-8A67-EC2BD4E99C1F}.Debug|Any CPU.ActiveCfg = Debug|Any CPU
		{468F3AB6-6ADF-4C71-8A67-EC2BD4E99C1F}.Debug|Any CPU.Build.0 = Debug|Any CPU
		{468F3AB6-6ADF-4C71-8A67-EC2BD4E99C1F}.Release|Any CPU.ActiveCfg = Release|Any CPU
		{468F3AB6-6ADF-4C71-8A67-EC2BD4E99C1F}.Release|Any CPU.Build.0 = Release|Any CPU
		{83CA84DD-EF7B-46A0-AEF6-369E752DBE1F}.Debug|Any CPU.ActiveCfg = Debug|Any CPU
		{83CA84DD-EF7B-46A0-AEF6-369E752DBE1F}.Debug|Any CPU.Build.0 = Debug|Any CPU
		{83CA84DD-EF7B-46A0-AEF6-369E752DBE1F}.Release|Any CPU.ActiveCfg = Release|Any CPU
		{83CA84DD-EF7B-46A0-AEF6-369E752DBE1F}.Release|Any CPU.Build.0 = Release|Any CPU
		{EA096618-C07D-414D-B66C-EC9954F1D063}.Debug|Any CPU.ActiveCfg = Debug|Any CPU
		{EA096618-C07D-414D-B66C-EC9954F1D063}.Debug|Any CPU.Build.0 = Debug|Any CPU
		{EA096618-C07D-414D-B66C-EC9954F1D063}.Release|Any CPU.ActiveCfg = Release|Any CPU
		{EA096618-C07D-414D-B66C-EC9954F1D063}.Release|Any CPU.Build.0 = Release|Any CPU
		{F0585ACC-C066-4E16-948A-7A9D2209873B}.Debug|Any CPU.ActiveCfg = Debug|Any CPU
		{F0585ACC-C066-4E16-948A-7A9D2209873B}.Debug|Any CPU.Build.0 = Debug|Any CPU
		{F0585ACC-C066-4E16-948A-7A9D2209873B}.Release|Any CPU.ActiveCfg = Release|Any CPU
		{F0585ACC-C066-4E16-948A-7A9D2209873B}.Release|Any CPU.Build.0 = Release|Any CPU
		{9B31B547-E112-4094-B1B0-A27A963E20B8}.Debug|Any CPU.ActiveCfg = Debug|Any CPU
		{9B31B547-E112-4094-B1B0-A27A963E20B8}.Debug|Any CPU.Build.0 = Debug|Any CPU
		{9B31B547-E112-4094-B1B0-A27A963E20B8}.Release|Any CPU.ActiveCfg = Release|Any CPU
		{9B31B547-E112-4094-B1B0-A27A963E20B8}.Release|Any CPU.Build.0 = Release|Any CPU
		{1EBFC01A-5589-4620-B706-9D3FC4B76F75}.Debug|Any CPU.ActiveCfg = Debug|Any CPU
		{1EBFC01A-5589-4620-B706-9D3FC4B76F75}.Debug|Any CPU.Build.0 = Debug|Any CPU
		{1EBFC01A-5589-4620-B706-9D3FC4B76F75}.Release|Any CPU.ActiveCfg = Release|Any CPU
		{1EBFC01A-5589-4620-B706-9D3FC4B76F75}.Release|Any CPU.Build.0 = Release|Any CPU
		{3DBCC8A7-78FD-4B56-AC22-5CE83A95221A}.Debug|Any CPU.ActiveCfg = Debug|Any CPU
		{3DBCC8A7-78FD-4B56-AC22-5CE83A95221A}.Debug|Any CPU.Build.0 = Debug|Any CPU
		{3DBCC8A7-78FD-4B56-AC22-5CE83A95221A}.Release|Any CPU.ActiveCfg = Release|Any CPU
		{3DBCC8A7-78FD-4B56-AC22-5CE83A95221A}.Release|Any CPU.Build.0 = Release|Any CPU
		{1FAE0944-D63B-4CCB-9378-05E7C2C35BBC}.Debug|Any CPU.ActiveCfg = Debug|Any CPU
		{1FAE0944-D63B-4CCB-9378-05E7C2C35BBC}.Debug|Any CPU.Build.0 = Debug|Any CPU
		{1FAE0944-D63B-4CCB-9378-05E7C2C35BBC}.Release|Any CPU.ActiveCfg = Release|Any CPU
		{1FAE0944-D63B-4CCB-9378-05E7C2C35BBC}.Release|Any CPU.Build.0 = Release|Any CPU
		{A57088C4-7311-44D3-AAFA-04E0C0C77A76}.Debug|Any CPU.ActiveCfg = Debug|Any CPU
		{A57088C4-7311-44D3-AAFA-04E0C0C77A76}.Debug|Any CPU.Build.0 = Debug|Any CPU
		{A57088C4-7311-44D3-AAFA-04E0C0C77A76}.Release|Any CPU.ActiveCfg = Release|Any CPU
		{A57088C4-7311-44D3-AAFA-04E0C0C77A76}.Release|Any CPU.Build.0 = Release|Any CPU
	EndGlobalSection
	GlobalSection(SolutionProperties) = preSolution
		HideSolutionNode = FALSE
	EndGlobalSection
	GlobalSection(NestedProjects) = preSolution
		{F3C8C509-3692-4328-AB83-2CD2F494A66B} = {B307E712-2A20-445A-8330-9EFDBE99D0CB}
		{FFBE8FD3-8843-4471-B895-677A8F2FA165} = {B307E712-2A20-445A-8330-9EFDBE99D0CB}
		{E1AF7A6A-6867-488E-8E8D-7364137C885D} = {829F75B4-2607-44DC-B6F5-06BD4267CD6E}
		{CDCB26BE-E158-45FB-9423-1C2EDF196590} = {829F75B4-2607-44DC-B6F5-06BD4267CD6E}
		{9FBC2ECB-E154-4E57-887C-4792DDE2C61E} = {547AEDD8-89FA-4558-B47F-3AC0A2960F92}
		{55632E69-2D90-40F6-A11E-143CEC89E78E} = {69B8DABE-2380-46AC-A800-72D546CB994B}
		{F23BB6A8-F496-486E-AF0A-E803EFC68687} = {547AEDD8-89FA-4558-B47F-3AC0A2960F92}
		{F5E1168F-EDD8-4EF1-979A-C9667C6D0AEF} = {69B8DABE-2380-46AC-A800-72D546CB994B}
		{69B8DABE-2380-46AC-A800-72D546CB994B} = {547AEDD8-89FA-4558-B47F-3AC0A2960F92}
		{74AFB092-35EF-46BD-B642-069B0FAB0000} = {547AEDD8-89FA-4558-B47F-3AC0A2960F92}
		{BFE572A1-E1D2-426D-803C-2F4F5D5D78A6} = {69B8DABE-2380-46AC-A800-72D546CB994B}
		{62BA972E-A43E-497C-806C-DB3F6C384D57} = {0A5570D2-0225-4BCB-B270-A61B76AD7035}
		{468F3AB6-6ADF-4C71-8A67-EC2BD4E99C1F} = {0A5570D2-0225-4BCB-B270-A61B76AD7035}
		{83CA84DD-EF7B-46A0-AEF6-369E752DBE1F} = {66E06CA9-DF78-4802-AE0A-5DB9E75C052F}
		{EA096618-C07D-414D-B66C-EC9954F1D063} = {66E06CA9-DF78-4802-AE0A-5DB9E75C052F}
		{F0585ACC-C066-4E16-948A-7A9D2209873B} = {70127CE6-A568-4164-BDAA-4CB224C08B10}
		{9B31B547-E112-4094-B1B0-A27A963E20B8} = {70127CE6-A568-4164-BDAA-4CB224C08B10}
		{1EBFC01A-5589-4620-B706-9D3FC4B76F75} = {0BE380CC-34DB-4B8A-9F53-8027878FF8CA}
		{3DBCC8A7-78FD-4B56-AC22-5CE83A95221A} = {0BE380CC-34DB-4B8A-9F53-8027878FF8CA}
		{76C696BD-A0CE-4DD4-888E-1423BC354740} = {5A6AAEF2-1C9E-4D51-AD78-F0BF1635D844}
		{1FAE0944-D63B-4CCB-9378-05E7C2C35BBC} = {70127CE6-A568-4164-BDAA-4CB224C08B10}
		{A57088C4-7311-44D3-AAFA-04E0C0C77A76} = {70127CE6-A568-4164-BDAA-4CB224C08B10}
	EndGlobalSection
	GlobalSection(ExtensibilityGlobals) = postSolution
		VisualSVNWorkingCopyRoot = .
		SolutionGuid = {4843ED9E-C831-403A-80C9-5356FE36B623}
	EndGlobalSection
EndGlobal
